// !$*UTF8*$!
{
	archiveVersion = 1;
	classes = {
	};
	objectVersion = 77;
	objects = {

/* Begin PBXContainerItemProxy section */
		C31323E02D26C12F00CCAD46 /* PBXContainerItemProxy */ = {
			isa = PBXContainerItemProxy;
			containerPortal = C31323C72D26C12C00CCAD46 /* Project object */;
			proxyType = 1;
			remoteGlobalIDString = C31323CE2D26C12C00CCAD46;
			remoteInfo = Denemeios;
		};
		C31323EA2D26C12F00CCAD46 /* PBXContainerItemProxy */ = {
			isa = PBXContainerItemProxy;
			containerPortal = C31323C72D26C12C00CCAD46 /* Project object */;
			proxyType = 1;
			remoteGlobalIDString = C31323CE2D26C12C00CCAD46;
			remoteInfo = Denemeios;
		};
/* End PBXContainerItemProxy section */

/* Begin PBXFileReference section */
		C31323CF2D26C12C00CCAD46 /* Denemeios.app */ = {isa = PBXFileReference; explicitFileType = wrapper.application; includeInIndex = 0; path = Denemeios.app; sourceTree = BUILT_PRODUCTS_DIR; };
		C31323DF2D26C12F00CCAD46 /* DenemeiosTests.xctest */ = {isa = PBXFileReference; explicitFileType = wrapper.cfbundle; includeInIndex = 0; path = DenemeiosTests.xctest; sourceTree = BUILT_PRODUCTS_DIR; };
		C31323E92D26C12F00CCAD46 /* DenemeiosUITests.xctest */ = {isa = PBXFileReference; explicitFileType = wrapper.cfbundle; includeInIndex = 0; path = DenemeiosUITests.xctest; sourceTree = BUILT_PRODUCTS_DIR; };
/* End PBXFileReference section */

/* Begin PBXFileSystemSynchronizedRootGroup section */
		C31323D12D26C12C00CCAD46 /* Denemeios */ = {
			isa = PBXFileSystemSynchronizedRootGroup;
			path = Denemeios;
			sourceTree = "<group>";
		};
		C31323E22D26C12F00CCAD46 /* DenemeiosTests */ = {
			isa = PBXFileSystemSynchronizedRootGroup;
			path = DenemeiosTests;
			sourceTree = "<group>";
		};
		C31323EC2D26C12F00CCAD46 /* DenemeiosUITests */ = {
			isa = PBXFileSystemSynchronizedRootGroup;
			path = DenemeiosUITests;
			sourceTree = "<group>";
		};
/* End PBXFileSystemSynchronizedRootGroup section */

/* Begin PBXFrameworksBuildPhase section */
		C31323CC2D26C12C00CCAD46 /* Frameworks */ = {
			isa = PBXFrameworksBuildPhase;
			buildActionMask = 2147483647;
			files = (
			);
			runOnlyForDeploymentPostprocessing = 0;
		};
		C31323DC2D26C12F00CCAD46 /* Frameworks */ = {
			isa = PBXFrameworksBuildPhase;
			buildActionMask = 2147483647;
			files = (
			);
			runOnlyForDeploymentPostprocessing = 0;
		};
		C31323E62D26C12F00CCAD46 /* Frameworks */ = {
			isa = PBXFrameworksBuildPhase;
			buildActionMask = 2147483647;
			files = (
			);
			runOnlyForDeploymentPostprocessing = 0;
		};
/* End PBXFrameworksBuildPhase section */

/* Begin PBXGroup section */
		C31323C62D26C12C00CCAD46 = {
			isa = PBXGroup;
			children = (
				C31323D12D26C12C00CCAD46 /* Denemeios */,
				C31323E22D26C12F00CCAD46 /* DenemeiosTests */,
				C31323EC2D26C12F00CCAD46 /* DenemeiosUITests */,
				C31323D02D26C12C00CCAD46 /* Products */,
			);
			sourceTree = "<group>";
		};
		C31323D02D26C12C00CCAD46 /* Products */ = {
			isa = PBXGroup;
			children = (
				C31323CF2D26C12C00CCAD46 /* Denemeios.app */,
				C31323DF2D26C12F00CCAD46 /* DenemeiosTests.xctest */,
				C31323E92D26C12F00CCAD46 /* DenemeiosUITests.xctest */,
			);
			name = Products;
			sourceTree = "<group>";
		};
/* End PBXGroup section */

/* Begin PBXNativeTarget section */
		C31323CE2D26C12C00CCAD46 /* Denemeios */ = {
			isa = PBXNativeTarget;
			buildConfigurationList = C31323F32D26C12F00CCAD46 /* Build configuration list for PBXNativeTarget "Denemeios" */;
			buildPhases = (
				C31323CB2D26C12C00CCAD46 /* Sources */,
				C31323CC2D26C12C00CCAD46 /* Frameworks */,
				C31323CD2D26C12C00CCAD46 /* Resources */,
			);
			buildRules = (
			);
			dependencies = (
			);
			fileSystemSynchronizedGroups = (
				C31323D12D26C12C00CCAD46 /* Denemeios */,
			);
			name = Denemeios;
			packageProductDependencies = (
			);
			productName = Denemeios;
			productReference = C31323CF2D26C12C00CCAD46 /* Denemeios.app */;
			productType = "com.apple.product-type.application";
		};
		C31323DE2D26C12F00CCAD46 /* DenemeiosTests */ = {
			isa = PBXNativeTarget;
			buildConfigurationList = C31323F62D26C12F00CCAD46 /* Build configuration list for PBXNativeTarget "DenemeiosTests" */;
			buildPhases = (
				C31323DB2D26C12F00CCAD46 /* Sources */,
				C31323DC2D26C12F00CCAD46 /* Frameworks */,
				C31323DD2D26C12F00CCAD46 /* Resources */,
			);
			buildRules = (
			);
			dependencies = (
				C31323E12D26C12F00CCAD46 /* PBXTargetDependency */,
			);
			fileSystemSynchronizedGroups = (
				C31323E22D26C12F00CCAD46 /* DenemeiosTests */,
			);
			name = DenemeiosTests;
			packageProductDependencies = (
			);
			productName = DenemeiosTests;
			productReference = C31323DF2D26C12F00CCAD46 /* DenemeiosTests.xctest */;
			productType = "com.apple.product-type.bundle.unit-test";
		};
		C31323E82D26C12F00CCAD46 /* DenemeiosUITests */ = {
			isa = PBXNativeTarget;
			buildConfigurationList = C31323F92D26C12F00CCAD46 /* Build configuration list for PBXNativeTarget "DenemeiosUITests" */;
			buildPhases = (
				C31323E52D26C12F00CCAD46 /* Sources */,
				C31323E62D26C12F00CCAD46 /* Frameworks */,
				C31323E72D26C12F00CCAD46 /* Resources */,
			);
			buildRules = (
			);
			dependencies = (
				C31323EB2D26C12F00CCAD46 /* PBXTargetDependency */,
			);
			fileSystemSynchronizedGroups = (
				C31323EC2D26C12F00CCAD46 /* DenemeiosUITests */,
			);
			name = DenemeiosUITests;
			packageProductDependencies = (
			);
			productName = DenemeiosUITests;
			productReference = C31323E92D26C12F00CCAD46 /* DenemeiosUITests.xctest */;
			productType = "com.apple.product-type.bundle.ui-testing";
		};
/* End PBXNativeTarget section */

/* Begin PBXProject section */
		C31323C72D26C12C00CCAD46 /* Project object */ = {
			isa = PBXProject;
			attributes = {
				BuildIndependentTargetsInParallel = 1;
				LastSwiftUpdateCheck = 1620;
				LastUpgradeCheck = 1620;
				TargetAttributes = {
					C31323CE2D26C12C00CCAD46 = {
						CreatedOnToolsVersion = 16.2;
					};
					C31323DE2D26C12F00CCAD46 = {
						CreatedOnToolsVersion = 16.2;
						TestTargetID = C31323CE2D26C12C00CCAD46;
					};
					C31323E82D26C12F00CCAD46 = {
						CreatedOnToolsVersion = 16.2;
						TestTargetID = C31323CE2D26C12C00CCAD46;
					};
				};
			};
			buildConfigurationList = C31323CA2D26C12C00CCAD46 /* Build configuration list for PBXProject "Denemeios" */;
			developmentRegion = en;
			hasScannedForEncodings = 0;
			knownRegions = (
				en,
				Base,
			);
			mainGroup = C31323C62D26C12C00CCAD46;
			minimizedProjectReferenceProxies = 1;
			preferredProjectObjectVersion = 77;
			productRefGroup = C31323D02D26C12C00CCAD46 /* Products */;
			projectDirPath = "";
			projectRoot = "";
			targets = (
				C31323CE2D26C12C00CCAD46 /* Denemeios */,
				C31323DE2D26C12F00CCAD46 /* DenemeiosTests */,
				C31323E82D26C12F00CCAD46 /* DenemeiosUITests */,
			);
		};
/* End PBXProject section */

/* Begin PBXResourcesBuildPhase section */
		C31323CD2D26C12C00CCAD46 /* Resources */ = {
			isa = PBXResourcesBuildPhase;
			buildActionMask = 2147483647;
			files = (
			);
			runOnlyForDeploymentPostprocessing = 0;
		};
		C31323DD2D26C12F00CCAD46 /* Resources */ = {
			isa = PBXResourcesBuildPhase;
			buildActionMask = 2147483647;
			files = (
			);
			runOnlyForDeploymentPostprocessing = 0;
		};
		C31323E72D26C12F00CCAD46 /* Resources */ = {
			isa = PBXResourcesBuildPhase;
			buildActionMask = 2147483647;
			files = (
			);
			runOnlyForDeploymentPostprocessing = 0;
		};
/* End PBXResourcesBuildPhase section */

/* Begin PBXSourcesBuildPhase section */
		C31323CB2D26C12C00CCAD46 /* Sources */ = {
			isa = PBXSourcesBuildPhase;
			buildActionMask = 2147483647;
			files = (
			);
			runOnlyForDeploymentPostprocessing = 0;
		};
		C31323DB2D26C12F00CCAD46 /* Sources */ = {
			isa = PBXSourcesBuildPhase;
			buildActionMask = 2147483647;
			files = (
			);
			runOnlyForDeploymentPostprocessing = 0;
		};
		C31323E52D26C12F00CCAD46 /* Sources */ = {
			isa = PBXSourcesBuildPhase;
			buildActionMask = 2147483647;
			files = (
			);
			runOnlyForDeploymentPostprocessing = 0;
		};
/* End PBXSourcesBuildPhase section */

/* Begin PBXTargetDependency section */
		C31323E12D26C12F00CCAD46 /* PBXTargetDependency */ = {
			isa = PBXTargetDependency;
			target = C31323CE2D26C12C00CCAD46 /* Denemeios */;
			targetProxy = C31323E02D26C12F00CCAD46 /* PBXContainerItemProxy */;
		};
		C31323EB2D26C12F00CCAD46 /* PBXTargetDependency */ = {
			isa = PBXTargetDependency;
			target = C31323CE2D26C12C00CCAD46 /* Denemeios */;
			targetProxy = C31323EA2D26C12F00CCAD46 /* PBXContainerItemProxy */;
		};
/* End PBXTargetDependency section */

/* Begin XCBuildConfiguration section */
		C31323F12D26C12F00CCAD46 /* Debug */ = {
			isa = XCBuildConfiguration;
			buildSettings = {
				ALWAYS_SEARCH_USER_PATHS = NO;
				ASSETCATALOG_COMPILER_GENERATE_SWIFT_ASSET_SYMBOL_EXTENSIONS = YES;
				CLANG_ANALYZER_NONNULL = YES;
				CLANG_ANALYZER_NUMBER_OBJECT_CONVERSION = YES_AGGRESSIVE;
				CLANG_CXX_LANGUAGE_STANDARD = "gnu++20";
				CLANG_ENABLE_MODULES = YES;
				CLANG_ENABLE_OBJC_ARC = YES;
				CLANG_ENABLE_OBJC_WEAK = YES;
				CLANG_WARN_BLOCK_CAPTURE_AUTORELEASING = YES;
				CLANG_WARN_BOOL_CONVERSION = YES;
				CLANG_WARN_COMMA = YES;
				CLANG_WARN_CONSTANT_CONVERSION = YES;
				CLANG_WARN_DEPRECATED_OBJC_IMPLEMENTATIONS = YES;
				CLANG_WARN_DIRECT_OBJC_ISA_USAGE = YES_ERROR;
				CLANG_WARN_DOCUMENTATION_COMMENTS = YES;
				CLANG_WARN_EMPTY_BODY = YES;
				CLANG_WARN_ENUM_CONVERSION = YES;
				CLANG_WARN_INFINITE_RECURSION = YES;
				CLANG_WARN_INT_CONVERSION = YES;
				CLANG_WARN_NON_LITERAL_NULL_CONVERSION = YES;
				CLANG_WARN_OBJC_IMPLICIT_RETAIN_SELF = YES;
				CLANG_WARN_OBJC_LITERAL_CONVERSION = YES;
				CLANG_WARN_OBJC_ROOT_CLASS = YES_ERROR;
				CLANG_WARN_QUOTED_INCLUDE_IN_FRAMEWORK_HEADER = YES;
				CLANG_WARN_RANGE_LOOP_ANALYSIS = YES;
				CLANG_WARN_STRICT_PROTOTYPES = YES;
				CLANG_WARN_SUSPICIOUS_MOVE = YES;
				CLANG_WARN_UNGUARDED_AVAILABILITY = YES_AGGRESSIVE;
				CLANG_WARN_UNREACHABLE_CODE = YES;
				CLANG_WARN__DUPLICATE_METHOD_MATCH = YES;
				COPY_PHASE_STRIP = NO;
				DEBUG_INFORMATION_FORMAT = dwarf;
				ENABLE_STRICT_OBJC_MSGSEND = YES;
				ENABLE_TESTABILITY = YES;
				ENABLE_USER_SCRIPT_SANDBOXING = YES;
				GCC_C_LANGUAGE_STANDARD = gnu17;
				GCC_DYNAMIC_NO_PIC = NO;
				GCC_NO_COMMON_BLOCKS = YES;
				GCC_OPTIMIZATION_LEVEL = 0;
				GCC_PREPROCESSOR_DEFINITIONS = (
					"DEBUG=1",
					"$(inherited)",
				);
				GCC_WARN_64_TO_32_BIT_CONVERSION = YES;
				GCC_WARN_ABOUT_RETURN_TYPE = YES_ERROR;
				GCC_WARN_UNDECLARED_SELECTOR = YES;
				GCC_WARN_UNINITIALIZED_AUTOS = YES_AGGRESSIVE;
				GCC_WARN_UNUSED_FUNCTION = YES;
				GCC_WARN_UNUSED_VARIABLE = YES;
				IPHONEOS_DEPLOYMENT_TARGET = 18.2;
				LOCALIZATION_PREFERS_STRING_CATALOGS = YES;
				MTL_ENABLE_DEBUG_INFO = INCLUDE_SOURCE;
				MTL_FAST_MATH = YES;
				ONLY_ACTIVE_ARCH = YES;
				SDKROOT = iphoneos;
				SWIFT_ACTIVE_COMPILATION_CONDITIONS = "DEBUG $(inherited)";
				SWIFT_OPTIMIZATION_LEVEL = "-Onone";
			};
			name = Debug;
		};
		C31323F22D26C12F00CCAD46 /* Release */ = {
			isa = XCBuildConfiguration;
			buildSettings = {
				ALWAYS_SEARCH_USER_PATHS = NO;
				ASSETCATALOG_COMPILER_GENERATE_SWIFT_ASSET_SYMBOL_EXTENSIONS = YES;
				CLANG_ANALYZER_NONNULL = YES;
				CLANG_ANALYZER_NUMBER_OBJECT_CONVERSION = YES_AGGRESSIVE;
				CLANG_CXX_LANGUAGE_STANDARD = "gnu++20";
				CLANG_ENABLE_MODULES = YES;
				CLANG_ENABLE_OBJC_ARC = YES;
				CLANG_ENABLE_OBJC_WEAK = YES;
				CLANG_WARN_BLOCK_CAPTURE_AUTORELEASING = YES;
				CLANG_WARN_BOOL_CONVERSION = YES;
				CLANG_WARN_COMMA = YES;
				CLANG_WARN_CONSTANT_CONVERSION = YES;
				CLANG_WARN_DEPRECATED_OBJC_IMPLEMENTATIONS = YES;
				CLANG_WARN_DIRECT_OBJC_ISA_USAGE = YES_ERROR;
				CLANG_WARN_DOCUMENTATION_COMMENTS = YES;
				CLANG_WARN_EMPTY_BODY = YES;
				CLANG_WARN_ENUM_CONVERSION = YES;
				CLANG_WARN_INFINITE_RECURSION = YES;
				CLANG_WARN_INT_CONVERSION = YES;
				CLANG_WARN_NON_LITERAL_NULL_CONVERSION = YES;
				CLANG_WARN_OBJC_IMPLICIT_RETAIN_SELF = YES;
				CLANG_WARN_OBJC_LITERAL_CONVERSION = YES;
				CLANG_WARN_OBJC_ROOT_CLASS = YES_ERROR;
				CLANG_WARN_QUOTED_INCLUDE_IN_FRAMEWORK_HEADER = YES;
				CLANG_WARN_RANGE_LOOP_ANALYSIS = YES;
				CLANG_WARN_STRICT_PROTOTYPES = YES;
				CLANG_WARN_SUSPICIOUS_MOVE = YES;
				CLANG_WARN_UNGUARDED_AVAILABILITY = YES_AGGRESSIVE;
				CLANG_WARN_UNREACHABLE_CODE = YES;
				CLANG_WARN__DUPLICATE_METHOD_MATCH = YES;
				COPY_PHASE_STRIP = NO;
				DEBUG_INFORMATION_FORMAT = "dwarf-with-dsym";
				ENABLE_NS_ASSERTIONS = NO;
				ENABLE_STRICT_OBJC_MSGSEND = YES;
				ENABLE_USER_SCRIPT_SANDBOXING = YES;
				GCC_C_LANGUAGE_STANDARD = gnu17;
				GCC_NO_COMMON_BLOCKS = YES;
				GCC_WARN_64_TO_32_BIT_CONVERSION = YES;
				GCC_WARN_ABOUT_RETURN_TYPE = YES_ERROR;
				GCC_WARN_UNDECLARED_SELECTOR = YES;
				GCC_WARN_UNINITIALIZED_AUTOS = YES_AGGRESSIVE;
				GCC_WARN_UNUSED_FUNCTION = YES;
				GCC_WARN_UNUSED_VARIABLE = YES;
				IPHONEOS_DEPLOYMENT_TARGET = 18.2;
				LOCALIZATION_PREFERS_STRING_CATALOGS = YES;
				MTL_ENABLE_DEBUG_INFO = NO;
				MTL_FAST_MATH = YES;
				SDKROOT = iphoneos;
				SWIFT_COMPILATION_MODE = wholemodule;
				VALIDATE_PRODUCT = YES;
			};
			name = Release;
		};
		C31323F42D26C12F00CCAD46 /* Debug */ = {
			isa = XCBuildConfiguration;
			buildSettings = {
				ASSETCATALOG_COMPILER_APPICON_NAME = AppIcon;
				ASSETCATALOG_COMPILER_GLOBAL_ACCENT_COLOR_NAME = AccentColor;
				CODE_SIGN_STYLE = Automatic;
				CURRENT_PROJECT_VERSION = 1;
				DEVELOPMENT_ASSET_PATHS = "\"Denemeios/Preview Content\"";
				ENABLE_PREVIEWS = YES;
				GENERATE_INFOPLIST_FILE = YES;
				INFOPLIST_KEY_UIApplicationSceneManifest_Generation = YES;
				INFOPLIST_KEY_UIApplicationSupportsIndirectInputEvents = YES;
				INFOPLIST_KEY_UILaunchScreen_Generation = YES;
				INFOPLIST_KEY_UISupportedInterfaceOrientations_iPad = "UIInterfaceOrientationPortrait UIInterfaceOrientationPortraitUpsideDown UIInterfaceOrientationLandscapeLeft UIInterfaceOrientationLandscapeRight";
				INFOPLIST_KEY_UISupportedInterfaceOrientations_iPhone = "UIInterfaceOrientationPortrait UIInterfaceOrientationLandscapeLeft UIInterfaceOrientationLandscapeRight";
				IPHONEOS_DEPLOYMENT_TARGET = 17.6;
				LD_RUNPATH_SEARCH_PATHS = (
					"$(inherited)",
					"@executable_path/Frameworks",
				);
				MARKETING_VERSION = 1.0;
				PRODUCT_BUNDLE_IDENTIFIER = Umut.Denemeios;
				PRODUCT_NAME = "$(TARGET_NAME)";
				SWIFT_EMIT_LOC_STRINGS = YES;
				SWIFT_VERSION = 5.0;
				TARGETED_DEVICE_FAMILY = "1,2";
			};
			name = Debug;
		};
		C31323F52D26C12F00CCAD46 /* Release */ = {
			isa = XCBuildConfiguration;
			buildSettings = {
				ASSETCATALOG_COMPILER_APPICON_NAME = AppIcon;
				ASSETCATALOG_COMPILER_GLOBAL_ACCENT_COLOR_NAME = AccentColor;
				CODE_SIGN_STYLE = Automatic;
				CURRENT_PROJECT_VERSION = 1;
				DEVELOPMENT_ASSET_PATHS = "\"Denemeios/Preview Content\"";
				ENABLE_PREVIEWS = YES;
				GENERATE_INFOPLIST_FILE = YES;
				INFOPLIST_KEY_UIApplicationSceneManifest_Generation = YES;
				INFOPLIST_KEY_UIApplicationSupportsIndirectInputEvents = YES;
				INFOPLIST_KEY_UILaunchScreen_Generation = YES;
				INFOPLIST_KEY_UISupportedInterfaceOrientations_iPad = "UIInterfaceOrientationPortrait UIInterfaceOrientationPortraitUpsideDown UIInterfaceOrientationLandscapeLeft UIInterfaceOrientationLandscapeRight";
				INFOPLIST_KEY_UISupportedInterfaceOrientations_iPhone = "UIInterfaceOrientationPortrait UIInterfaceOrientationLandscapeLeft UIInterfaceOrientationLandscapeRight";
				IPHONEOS_DEPLOYMENT_TARGET = 17.6;
				LD_RUNPATH_SEARCH_PATHS = (
					"$(inherited)",
					"@executable_path/Frameworks",
				);
				MARKETING_VERSION = 1.0;
				PRODUCT_BUNDLE_IDENTIFIER = Umut.Denemeios;
				PRODUCT_NAME = "$(TARGET_NAME)";
				SWIFT_EMIT_LOC_STRINGS = YES;
				SWIFT_VERSION = 5.0;
				TARGETED_DEVICE_FAMILY = "1,2";
			};
			name = Release;
		};
		C31323F72D26C12F00CCAD46 /* Debug */ = {
			isa = XCBuildConfiguration;
			buildSettings = {
				BUNDLE_LOADER = "$(TEST_HOST)";
				CODE_SIGN_STYLE = Automatic;
				CURRENT_PROJECT_VERSION = 1;
				GENERATE_INFOPLIST_FILE = YES;
				IPHONEOS_DEPLOYMENT_TARGET = 18.2;
				MARKETING_VERSION = 1.0;
				PRODUCT_BUNDLE_IDENTIFIER = Umut.DenemeiosTests;
				PRODUCT_NAME = "$(TARGET_NAME)";
				SWIFT_EMIT_LOC_STRINGS = NO;
				SWIFT_VERSION = 5.0;
				TARGETED_DEVICE_FAMILY = "1,2";
				TEST_HOST = "$(BUILT_PRODUCTS_DIR)/Denemeios.app/$(BUNDLE_EXECUTABLE_FOLDER_PATH)/Denemeios";
			};
			name = Debug;
		};
		C31323F82D26C12F00CCAD46 /* Release */ = {
			isa = XCBuildConfiguration;
			buildSettings = {
				BUNDLE_LOADER = "$(TEST_HOST)";
				CODE_SIGN_STYLE = Automatic;
				CURRENT_PROJECT_VERSION = 1;
				GENERATE_INFOPLIST_FILE = YES;
				IPHONEOS_DEPLOYMENT_TARGET = 18.2;
				MARKETING_VERSION = 1.0;
				PRODUCT_BUNDLE_IDENTIFIER = Umut.DenemeiosTests;
				PRODUCT_NAME = "$(TARGET_NAME)";
				SWIFT_EMIT_LOC_STRINGS = NO;
				SWIFT_VERSION = 5.0;
				TARGETED_DEVICE_FAMILY = "1,2";
				TEST_HOST = "$(BUILT_PRODUCTS_DIR)/Denemeios.app/$(BUNDLE_EXECUTABLE_FOLDER_PATH)/Denemeios";
			};
			name = Release;
		};
		C31323FA2D26C12F00CCAD46 /* Debug */ = {
			isa = XCBuildConfiguration;
			buildSettings = {
				CODE_SIGN_STYLE = Automatic;
				CURRENT_PROJECT_VERSION = 1;
				GENERATE_INFOPLIST_FILE = YES;
				MARKETING_VERSION = 1.0;
				PRODUCT_BUNDLE_IDENTIFIER = Umut.DenemeiosUITests;
				PRODUCT_NAME = "$(TARGET_NAME)";
				SWIFT_EMIT_LOC_STRINGS = NO;
				SWIFT_VERSION = 5.0;
				TARGETED_DEVICE_FAMILY = "1,2";
				TEST_TARGET_NAME = Denemeios;
			};
			name = Debug;
		};
		C31323FB2D26C12F00CCAD46 /* Release */ = {
			isa = XCBuildConfiguration;
			buildSettings = {
				CODE_SIGN_STYLE = Automatic;
				CURRENT_PROJECT_VERSION = 1;
				GENERATE_INFOPLIST_FILE = YES;
				MARKETING_VERSION = 1.0;
				PRODUCT_BUNDLE_IDENTIFIER = Umut.DenemeiosUITests;
				PRODUCT_NAME = "$(TARGET_NAME)";
				SWIFT_EMIT_LOC_STRINGS = NO;
				SWIFT_VERSION = 5.0;
				TARGETED_DEVICE_FAMILY = "1,2";
				TEST_TARGET_NAME = Denemeios;
			};
			name = Release;
		};
/* End XCBuildConfiguration section */

/* Begin XCConfigurationList section */
		C31323CA2D26C12C00CCAD46 /* Build configuration list for PBXProject "Denemeios" */ = {
			isa = XCConfigurationList;
			buildConfigurations = (
				C31323F12D26C12F00CCAD46 /* Debug */,
				C31323F22D26C12F00CCAD46 /* Release */,
			);
			defaultConfigurationIsVisible = 0;
			defaultConfigurationName = Release;
		};
		C31323F32D26C12F00CCAD46 /* Build configuration list for PBXNativeTarget "Denemeios" */ = {
			isa = XCConfigurationList;
			buildConfigurations = (
				C31323F42D26C12F00CCAD46 /* Debug */,
				C31323F52D26C12F00CCAD46 /* Release */,
			);
			defaultConfigurationIsVisible = 0;
			defaultConfigurationName = Release;
		};
		C31323F62D26C12F00CCAD46 /* Build configuration list for PBXNativeTarget "DenemeiosTests" */ = {
			isa = XCConfigurationList;
			buildConfigurations = (
				C31323F72D26C12F00CCAD46 /* Debug */,
				C31323F82D26C12F00CCAD46 /* Release */,
			);
			defaultConfigurationIsVisible = 0;
			defaultConfigurationName = Release;
		};
		C31323F92D26C12F00CCAD46 /* Build configuration list for PBXNativeTarget "DenemeiosUITests" */ = {
			isa = XCConfigurationList;
			buildConfigurations = (
				C31323FA2D26C12F00CCAD46 /* Debug */,
				C31323FB2D26C12F00CCAD46 /* Release */,
			);
			defaultConfigurationIsVisible = 0;
			defaultConfigurationName = Release;
		};
/* End XCConfigurationList section */
	};
	rootObject = C31323C72D26C12C00CCAD46 /* Project object */;
}
